
Microsoft Visual Studio Solution File, Format Version 12.00
# Visual Studio Version 17
VisualStudioVersion = 17.5.33516.290
MinimumVisualStudioVersion = 10.0.40219.1
Project("{9A19103F-16F7-4668-BE54-9A1E7A4F7556}") = "GraduationProject", "GraduationProject\GraduationProject.csproj", "{7AB8C3E2-3B50-4C81-834E-B932578ABB6B}"
EndProject
Project("{FAE04EC0-301F-11D3-BF4B-00C04F79EFBC}") = "GraduationProject_DAL", "GraduationProject_DAL\GraduationProject_DAL.csproj", "{43355AD1-996A-42ED-9DF6-4A359073ED0F}"
EndProject
Project("{FAE04EC0-301F-11D3-BF4B-00C04F79EFBC}") = "GraduationProject_BL", "GraduationProject_BL\GraduationProject_BL.csproj", "{F305128F-1CC5-460F-8F0C-F9EF056EDA13}"
EndProject
Global
	GlobalSection(SolutionConfigurationPlatforms) = preSolution
		Debug|Any CPU = Debug|Any CPU
		Release|Any CPU = Release|Any CPU
	EndGlobalSection
	GlobalSection(ProjectConfigurationPlatforms) = postSolution
		{7AB8C3E2-3B50-4C81-834E-B932578ABB6B}.Debug|Any CPU.ActiveCfg = Debug|Any CPU
		{7AB8C3E2-3B50-4C81-834E-B932578ABB6B}.Debug|Any CPU.Build.0 = Debug|Any CPU
		{7AB8C3E2-3B50-4C81-834E-B932578ABB6B}.Release|Any CPU.ActiveCfg = Release|Any CPU
		{7AB8C3E2-3B50-4C81-834E-B932578ABB6B}.Release|Any CPU.Build.0 = Release|Any CPU
		{43355AD1-996A-42ED-9DF6-4A359073ED0F}.Debug|Any CPU.ActiveCfg = Debug|Any CPU
		{43355AD1-996A-42ED-9DF6-4A359073ED0F}.Debug|Any CPU.Build.0 = Debug|Any CPU
		{43355AD1-996A-42ED-9DF6-4A359073ED0F}.Release|Any CPU.ActiveCfg = Release|Any CPU
		{43355AD1-996A-42ED-9DF6-4A359073ED0F}.Release|Any CPU.Build.0 = Release|Any CPU
		{F305128F-1CC5-460F-8F0C-F9EF056EDA13}.Debug|Any CPU.ActiveCfg = Debug|Any CPU
		{F305128F-1CC5-460F-8F0C-F9EF056EDA13}.Debug|Any CPU.Build.0 = Debug|Any CPU
		{F305128F-1CC5-460F-8F0C-F9EF056EDA13}.Release|Any CPU.ActiveCfg = Release|Any CPU
		{F305128F-1CC5-460F-8F0C-F9EF056EDA13}.Release|Any CPU.Build.0 = Release|Any CPU
	EndGlobalSection
	GlobalSection(SolutionProperties) = preSolution
		HideSolutionNode = FALSE
	EndGlobalSection
	GlobalSection(ExtensibilityGlobals) = postSolution
		SolutionGuid = {BAA8D9C6-6CD5-47CA-A2A5-A30AF25553C3}
	EndGlobalSection
EndGlobal
